github.com/alpacahq/alpaca-trade-api-go v1.6.2 h1:dsL3Gd4fqHRe4xoe8vAxLjAa/2CgX+wJorfOf+5eIXs=
github.com/alpacahq/alpaca-trade-api-go v1.6.2/go.mod h1:2rhtJj16xMctdr82x8q1JLKIq9Zqxh6cxDjMIDo8JxY=
github.com/cheekybits/is v0.0.0-20150225183255-68e9c0620927/go.mod h1:h/aW8ynjgkuj+NQRlZcDbAbM1ORAbXjXX77sX7T289U=
github.com/davecgh/go-spew v1.1.0/go.mod h1:J7Y8YcW2NihsgmVo/mv3lAwl/skON4iLHjSsI+c5H38=
github.com/davecgh/go-spew v1.1.1/go.mod h1:J7Y8YcW2NihsgmVo/mv3lAwl/skON4iLHjSsI+c5H38=
github.com/ejbrever/trader v1.0.1 h1:kxW2iFvFxSIrZq+UsOzj7wiYe1qThBX+2pZtTT/+RFs=
github.com/ejbrever/trader v1.0.1/go.mod h1:KjPBV92f0YE9Rytv/ns0Im/qpn8G9G/XONwaT3BJKr4=
github.com/ejbrever/trader v1.1.1 h1:m088clycuLnVQxj91PoAubK1f5fe3cZgw5WI7cYEF/0=
github.com/ejbrever/trader v1.2.0 h1:0VWx0Mx9eSDXhH5vYDd6zC/ZmfrTBqX87yV4G32ipr0=
github.com/ejbrever/trader v1.2.2 h1:OUEo7e2xafn9pupSJ1xKa35vZB63UowSQtl8loR37gE=
github.com/ejbrever/trader/one v0.0.0-20201224055340-675b7010453f h1:10WpXsdBvsgBaUOrneYigduFaGnjj2ItseSPL6MOOSU=
github.com/ejbrever/trader/one v0.0.0-20201224063600-0f8271e98b6b h1:iTJh9dRhZDdqY8PFjO5qgyQbSf5ro7tWaBW+E/JgVHg=
github.com/ejbrever/trader/one v0.0.0-20201224065752-cf72d6160a5a h1:rATqQoSlJlLW6YtsgLE9gg0+hQep14V4cZ1YMG2FpLM=
github.com/ejbrever/trader/one v0.0.0-20201225053939-727673838fe0 h1:wSoGIjZzD94Q9xb3dfmJCSm6+3MJx1X53u7CO5LH8pQ=
github.com/ejbrever/trader/one v0.0.0-20201225175836-7921bcc35962 h1:azUOMhj+V4Z0qHaNchqGof3iU3czl1LfUaQQ0V7IsD0=
github.com/ejbrever/trader/one v0.0.0-20201226023622-b703b0666599 h1:sm+P6TB/C4EDFGiilA4iVlJJSDbwYCPyHyGJcRVDvRQ=
github.com/ejbrever/trader/one v0.0.0-20201227050012-4367586762c9 h1:i0w/vfSkRr0BWZ8Lici4es/l+Muds6+TwIC8AwJ7gZ4=
github.com/ejbrever/trader/one/database v0.0.0-20201225053939-727673838fe0 h1:B4DR4ZR02AY+8tv3QctCr4ToVNRRe4b/olQ2qpeTRJw=
github.com/ejbrever/trader/one/database v0.0.0-20201225053939-727673838fe0/go.mod h1:0a+FaZL1rJaXbf0Fja5kn7DuKy8mJq3DusGd0Csg/PY=
github.com/ejbrever/trader/one/database v0.0.0-20201225175836-7921bcc35962 h1:hF0KqQC2ziKAJp3X7+y/qRGkVQDhRDcCjBFTpMUX/KA=
github.com/ejbrever/trader/one/database v0.0.0-20201225175836-7921bcc35962/go.mod h1:0a+FaZL1rJaXbf0Fja5kn7DuKy8mJq3DusGd0Csg/PY=
github.com/ejbrever/trader/one/database v0.0.0-20201226023622-b703b0666599 h1:IDRGYuowI7uxOpvs53SXWqHhKIL2Qh0HzXH2Aa1JinU=
github.com/ejbrever/trader/one/database v0.0.0-20201226023622-b703b0666599/go.mod h1:0a+FaZL1rJaXbf0Fja5kn7DuKy8mJq3DusGd0Csg/PY=
github.com/ejbrever/trader/one/database v0.0.0-20201227050012-4367586762c9 h1:R4z6G2T5OQDW8cQ00pOSJT4+kbktnHpwRBhwqdRrsr0=
github.com/ejbrever/trader/one/database v0.0.0-20201227050012-4367586762c9/go.mod h1:0a+FaZL1rJaXbf0Fja5kn7DuKy8mJq3DusGd0Csg/PY=
github.com/ejbrever/trader/one/purchase v0.0.0-20201224065752-cf72d6160a5a h1:HCREmIQvVg6/JElYvnCuhSb7XSPtpyP4x3dS+esucfU=
github.com/ejbrever/trader/one/purchase v0.0.0-20201224065752-cf72d6160a5a/go.mod h1:hUCnQOOv0ZuiuAUNsWWzfCB7WM7r0wQSOA0HVJXrbLo=
github.com/ejbrever/trader/one/purchase v0.0.0-20201225041924-4f7f3e90111a h1:spMOr9P/Dfaafz22QYuepAuyeNyeC9JwUVAG5DhQZFk=
github.com/ejbrever/trader/one/purchase v0.0.0-20201225041924-4f7f3e90111a/go.mod h1:hUCnQOOv0ZuiuAUNsWWzfCB7WM7r0wQSOA0HVJXrbLo=
github.com/ejbrever/trader/one/purchase v0.0.0-20201226023622-b703b0666599 h1:XzC382IWsMyWVNMhasdqq7tNjHWx1DfPCxIF2Rdd3Fs=
github.com/ejbrever/trader/one/purchase v0.0.0-20201226023622-b703b0666599/go.mod h1:hUCnQOOv0ZuiuAUNsWWzfCB7WM7r0wQSOA0HVJXrbLo=
github.com/go-sql-driver/mysql v1.5.0 h1:ozyZYNQW3x3HtqT1jira07DN2PArx2v7/mN66gGcHOs=
github.com/go-sql-driver/mysql v1.5.0/go.mod h1:DCzpHaOWr8IXmIStZouvnhqoel9Qv2LBy8hT2VhHyBg=
github.com/gorilla/websocket v1.4.0 h1:WDFjx/TMzVgy9VdMMQi2K2Emtwi2QcUQsztZ/zLaH/Q=
github.com/gorilla/websocket v1.4.0/go.mod h1:E7qHFY5m1UJ88s3WnNqhKjPHQ0heANvMoAMk2YaljkQ=
github.com/kr/pretty v0.1.0/go.mod h1:dAy3ld7l9f0ibDNOQOHHMYYIIbhfbHSm3C4ZsoJORNo=
github.com/kr/pty v1.1.1/go.mod h1:pFQYn66WHrOpPYNljwOMqo10TkYh1fy3cYio2l3bCsQ=
github.com/kr/text v0.1.0/go.mod h1:4Jbv+DJW3UT/LiOwJeYQe1efqtUx/iVham/4vfdArNI=
github.com/matryer/try v0.0.0-20161228173917-9ac251b645a2/go.mod h1:0KeJpeMD6o+O4hW7qJOT7vyQPKrWmj26uf5wMc/IiIs=
github.com/pmezard/go-difflib v1.0.0/go.mod h1:iKH77koFhYxTK1pcRnkKkqfTogsbg7gZNVY4sRDYZ/4=
github.com/shopspring/decimal v1.2.0 h1:abSATXmQEYyShuxI4/vyW3tV1MrKAJzCZ/0zLUXYbsQ=
github.com/shopspring/decimal v1.2.0/go.mod h1:DKyhrW/HYNuLGql+MJL6WCR6knT2jwCFRcu2hWCYk4o=
github.com/stretchr/objx v0.1.0/go.mod h1:HFkY916IF+rwdDfMAkV7OtwuqBVzrE8GR6GFx+wExME=
github.com/stretchr/testify v1.4.0/go.mod h1:j7eGeouHqKxXV5pUuKE4zz7dFj8WfuZ+81PSLYec5m4=
gopkg.in/check.v1 v0.0.0-20161208181325-20d25e280405/go.mod h1:Co6ibVJAznAaIkqp8huTwlJQCZ016jof/cbN4VW5Yz0=
gopkg.in/check.v1 v1.0.0-20180628173108-788fd7840127/go.mod h1:Co6ibVJAznAaIkqp8huTwlJQCZ016jof/cbN4VW5Yz0=
gopkg.in/matryer/try.v1 v1.0.0-20150601225556-312d2599e12e/go.mod h1:tve0rTLdGlwnXF7iBO9rbAEyeXvuuPx0n4DvXS/Nw7o=
gopkg.in/yaml.v2 v2.2.2/go.mod h1:hI93XBmqTisBFMUTm0b8Fm+jr3Dg1NNxqwp+5A1VGuI=
